
Microsoft Visual Studio Solution File, Format Version 12.00
# Visual Studio Version 17
VisualStudioVersion = 17.7.34024.191
MinimumVisualStudioVersion = 10.0.40219.1
Project("{9A19103F-16F7-4668-BE54-9A1E7A4F7556}") = "Calculator", "Calculator\Calculator.csproj", "{D0958BDC-F23F-47FA-98F4-43959BAF20A7}"
EndProject
Project("{FAE04EC0-301F-11D3-BF4B-00C04F79EFBC}") = "CalculatorTests", "CalculatorTests\CalculatorTests.csproj", "{39100790-6FB2-48F3-9A9B-C7409D9111F9}"
EndProject
Global
	GlobalSection(SolutionConfigurationPlatforms) = preSolution
		Debug|Any CPU = Debug|Any CPU
		Release|Any CPU = Release|Any CPU
	EndGlobalSection
	GlobalSection(ProjectConfigurationPlatforms) = postSolution
		{D0958BDC-F23F-47FA-98F4-43959BAF20A7}.Debug|Any CPU.ActiveCfg = Debug|Any CPU
		{D0958BDC-F23F-47FA-98F4-43959BAF20A7}.Debug|Any CPU.Build.0 = Debug|Any CPU
		{D0958BDC-F23F-47FA-98F4-43959BAF20A7}.Release|Any CPU.ActiveCfg = Release|Any CPU
		{D0958BDC-F23F-47FA-98F4-43959BAF20A7}.Release|Any CPU.Build.0 = Release|Any CPU
		{39100790-6FB2-48F3-9A9B-C7409D9111F9}.Debug|Any CPU.ActiveCfg = Debug|Any CPU
		{39100790-6FB2-48F3-9A9B-C7409D9111F9}.Debug|Any CPU.Build.0 = Debug|Any CPU
		{39100790-6FB2-48F3-9A9B-C7409D9111F9}.Release|Any CPU.ActiveCfg = Release|Any CPU
		{39100790-6FB2-48F3-9A9B-C7409D9111F9}.Release|Any CPU.Build.0 = Release|Any CPU
	EndGlobalSection
	GlobalSection(SolutionProperties) = preSolution
		HideSolutionNode = FALSE
	EndGlobalSection
	GlobalSection(ExtensibilityGlobals) = postSolution
		SolutionGuid = {7EDFBD7B-87CE-466C-A972-C28925F5C4AC}
	EndGlobalSection
EndGlobal
